// !$*UTF8*$!
{
	archiveVersion = 1;
	classes = {
	};
	objectVersion = 51;
	objects = {

/* Begin PBXBuildFile section */
		50655C092477FA2900D8BE16 /* TheMoviedbAPI.swift in Sources */ = {isa = PBXBuildFile; fileRef = 50655C082477FA2900D8BE16 /* TheMoviedbAPI.swift */; };
		50655C0D2477FFAD00D8BE16 /* Movie.swift in Sources */ = {isa = PBXBuildFile; fileRef = 50655C0C2477FFAD00D8BE16 /* Movie.swift */; };
		50655C0F2477FFDC00D8BE16 /* Results.swift in Sources */ = {isa = PBXBuildFile; fileRef = 50655C0E2477FFDC00D8BE16 /* Results.swift */; };
		50655C112478006000D8BE16 /* NetworkManager.swift in Sources */ = {isa = PBXBuildFile; fileRef = 50655C102478006000D8BE16 /* NetworkManager.swift */; };
		82BEB50EA24AF396E6F7AA14 /* Pods_MovieRatings.framework in Frameworks */ = {isa = PBXBuildFile; fileRef = F06F832D4C0522103C376FD9 /* Pods_MovieRatings.framework */; };
		CE530C9C247C08E4003D80A0 /* UpcomingMoviesList.swift in Sources */ = {isa = PBXBuildFile; fileRef = CE530C9B247C08E4003D80A0 /* UpcomingMoviesList.swift */; };
		CE6ABB24247EA73A009A282A /* DetailedView.swift in Sources */ = {isa = PBXBuildFile; fileRef = CE6ABB23247EA73A009A282A /* DetailedView.swift */; };
		D5A6071724780A400066F9ED /* MovieViewModel.swift in Sources */ = {isa = PBXBuildFile; fileRef = D5A6071624780A400066F9ED /* MovieViewModel.swift */; };
		D5A861232477C88C007C175C /* AppDelegate.swift in Sources */ = {isa = PBXBuildFile; fileRef = D5A861222477C88C007C175C /* AppDelegate.swift */; };
		D5A861252477C88C007C175C /* SceneDelegate.swift in Sources */ = {isa = PBXBuildFile; fileRef = D5A861242477C88C007C175C /* SceneDelegate.swift */; };
		D5A861272477C88C007C175C /* ContentView.swift in Sources */ = {isa = PBXBuildFile; fileRef = D5A861262477C88C007C175C /* ContentView.swift */; };
		D5A861292477C88F007C175C /* Assets.xcassets in Resources */ = {isa = PBXBuildFile; fileRef = D5A861282477C88F007C175C /* Assets.xcassets */; };
		D5A8612C2477C88F007C175C /* Preview Assets.xcassets in Resources */ = {isa = PBXBuildFile; fileRef = D5A8612B2477C88F007C175C /* Preview Assets.xcassets */; };
		D5A8612F2477C88F007C175C /* LaunchScreen.storyboard in Resources */ = {isa = PBXBuildFile; fileRef = D5A8612D2477C88F007C175C /* LaunchScreen.storyboard */; };
		D5ABDD22247C1FA5000C373B /* RatingView.swift in Sources */ = {isa = PBXBuildFile; fileRef = D5ABDD21247C1FA5000C373B /* RatingView.swift */; };
		D5C0979124828EDA00CCD160 /* RatingViewDetailed.swift in Sources */ = {isa = PBXBuildFile; fileRef = D5C0979024828EDA00CCD160 /* RatingViewDetailed.swift */; };
		D5C09793248294CF00CCD160 /* Favorites.swift in Sources */ = {isa = PBXBuildFile; fileRef = D5C09792248294CF00CCD160 /* Favorites.swift */; };
		D5C097952482950B00CCD160 /* DBService.swift in Sources */ = {isa = PBXBuildFile; fileRef = D5C097942482950B00CCD160 /* DBService.swift */; };
/* End PBXBuildFile section */

/* Begin PBXFileReference section */
		50655C082477FA2900D8BE16 /* TheMoviedbAPI.swift */ = {isa = PBXFileReference; lastKnownFileType = sourcecode.swift; path = TheMoviedbAPI.swift; sourceTree = "<group>"; };
		50655C0C2477FFAD00D8BE16 /* Movie.swift */ = {isa = PBXFileReference; lastKnownFileType = sourcecode.swift; path = Movie.swift; sourceTree = "<group>"; };
		50655C0E2477FFDC00D8BE16 /* Results.swift */ = {isa = PBXFileReference; lastKnownFileType = sourcecode.swift; path = Results.swift; sourceTree = "<group>"; };
		50655C102478006000D8BE16 /* NetworkManager.swift */ = {isa = PBXFileReference; lastKnownFileType = sourcecode.swift; path = NetworkManager.swift; sourceTree = "<group>"; };
		A18A07BC0657A4D61B6FF5CB /* Pods-MovieRatings.debug.xcconfig */ = {isa = PBXFileReference; includeInIndex = 1; lastKnownFileType = text.xcconfig; name = "Pods-MovieRatings.debug.xcconfig"; path = "Target Support Files/Pods-MovieRatings/Pods-MovieRatings.debug.xcconfig"; sourceTree = "<group>"; };
		AB92FDB734ACD6378017CFC3 /* Pods-MovieRatings.release.xcconfig */ = {isa = PBXFileReference; includeInIndex = 1; lastKnownFileType = text.xcconfig; name = "Pods-MovieRatings.release.xcconfig"; path = "Target Support Files/Pods-MovieRatings/Pods-MovieRatings.release.xcconfig"; sourceTree = "<group>"; };
		CE530C9B247C08E4003D80A0 /* UpcomingMoviesList.swift */ = {isa = PBXFileReference; lastKnownFileType = sourcecode.swift; path = UpcomingMoviesList.swift; sourceTree = "<group>"; };
		CE6ABB23247EA73A009A282A /* DetailedView.swift */ = {isa = PBXFileReference; lastKnownFileType = sourcecode.swift; path = DetailedView.swift; sourceTree = "<group>"; };
		D5A6071624780A400066F9ED /* MovieViewModel.swift */ = {isa = PBXFileReference; lastKnownFileType = sourcecode.swift; path = MovieViewModel.swift; sourceTree = "<group>"; };
		D5A8611F2477C88C007C175C /* MovieRatings.app */ = {isa = PBXFileReference; explicitFileType = wrapper.application; includeInIndex = 0; path = MovieRatings.app; sourceTree = BUILT_PRODUCTS_DIR; };
		D5A861222477C88C007C175C /* AppDelegate.swift */ = {isa = PBXFileReference; lastKnownFileType = sourcecode.swift; path = AppDelegate.swift; sourceTree = "<group>"; };
		D5A861242477C88C007C175C /* SceneDelegate.swift */ = {isa = PBXFileReference; lastKnownFileType = sourcecode.swift; path = SceneDelegate.swift; sourceTree = "<group>"; };
		D5A861262477C88C007C175C /* ContentView.swift */ = {isa = PBXFileReference; lastKnownFileType = sourcecode.swift; path = ContentView.swift; sourceTree = "<group>"; };
		D5A861282477C88F007C175C /* Assets.xcassets */ = {isa = PBXFileReference; lastKnownFileType = folder.assetcatalog; path = Assets.xcassets; sourceTree = "<group>"; };
		D5A8612B2477C88F007C175C /* Preview Assets.xcassets */ = {isa = PBXFileReference; lastKnownFileType = folder.assetcatalog; path = "Preview Assets.xcassets"; sourceTree = "<group>"; };
		D5A8612E2477C88F007C175C /* Base */ = {isa = PBXFileReference; lastKnownFileType = file.storyboard; name = Base; path = Base.lproj/LaunchScreen.storyboard; sourceTree = "<group>"; };
		D5A861302477C88F007C175C /* Info.plist */ = {isa = PBXFileReference; lastKnownFileType = text.plist.xml; path = Info.plist; sourceTree = "<group>"; };
		D5ABDD21247C1FA5000C373B /* RatingView.swift */ = {isa = PBXFileReference; lastKnownFileType = sourcecode.swift; path = RatingView.swift; sourceTree = "<group>"; };
		D5C0979024828EDA00CCD160 /* RatingViewDetailed.swift */ = {isa = PBXFileReference; lastKnownFileType = sourcecode.swift; path = RatingViewDetailed.swift; sourceTree = "<group>"; };
		D5C09792248294CF00CCD160 /* Favorites.swift */ = {isa = PBXFileReference; lastKnownFileType = sourcecode.swift; path = Favorites.swift; sourceTree = "<group>"; };
		D5C097942482950B00CCD160 /* DBService.swift */ = {isa = PBXFileReference; lastKnownFileType = sourcecode.swift; path = DBService.swift; sourceTree = "<group>"; };
		F06F832D4C0522103C376FD9 /* Pods_MovieRatings.framework */ = {isa = PBXFileReference; explicitFileType = wrapper.framework; includeInIndex = 0; path = Pods_MovieRatings.framework; sourceTree = BUILT_PRODUCTS_DIR; };
/* End PBXFileReference section */

/* Begin PBXFrameworksBuildPhase section */
		D5A8611C2477C88C007C175C /* Frameworks */ = {
			isa = PBXFrameworksBuildPhase;
			buildActionMask = 2147483647;
			files = (
				82BEB50EA24AF396E6F7AA14 /* Pods_MovieRatings.framework in Frameworks */,
			);
			runOnlyForDeploymentPostprocessing = 0;
		};
/* End PBXFrameworksBuildPhase section */

/* Begin PBXGroup section */
		50655C072477F9E400D8BE16 /* Service */ = {
			isa = PBXGroup;
			children = (
				50655C082477FA2900D8BE16 /* TheMoviedbAPI.swift */,
				50655C102478006000D8BE16 /* NetworkManager.swift */,
				D5C097942482950B00CCD160 /* DBService.swift */,
			);
			path = Service;
			sourceTree = "<group>";
		};
		50655C0A2477FD9E00D8BE16 /* Model */ = {
			isa = PBXGroup;
			children = (
				50655C0C2477FFAD00D8BE16 /* Movie.swift */,
				50655C0E2477FFDC00D8BE16 /* Results.swift */,
				D5C09792248294CF00CCD160 /* Favorites.swift */,
			);
			path = Model;
			sourceTree = "<group>";
		};
		50655C0B2477FDA900D8BE16 /* UI */ = {
			isa = PBXGroup;
			children = (
				D5A861262477C88C007C175C /* ContentView.swift */,
				D5A6071624780A400066F9ED /* MovieViewModel.swift */,
				CE530C9B247C08E4003D80A0 /* UpcomingMoviesList.swift */,
				D5ABDD21247C1FA5000C373B /* RatingView.swift */,
				CE6ABB23247EA73A009A282A /* DetailedView.swift */,
				D5C0979024828EDA00CCD160 /* RatingViewDetailed.swift */,
			);
			path = UI;
			sourceTree = "<group>";
		};
		C51C6C389E0E92919ADB7196 /* Frameworks */ = {
			isa = PBXGroup;
			children = (
				F06F832D4C0522103C376FD9 /* Pods_MovieRatings.framework */,
			);
			name = Frameworks;
			sourceTree = "<group>";
		};
		D5A861162477C88C007C175C = {
			isa = PBXGroup;
			children = (
				D5A861212477C88C007C175C /* MovieRatings */,
				D5A861202477C88C007C175C /* Products */,
				F8ADCEE1F5E9F54957E1BCFA /* Pods */,
				C51C6C389E0E92919ADB7196 /* Frameworks */,
			);
			sourceTree = "<group>";
		};
		D5A861202477C88C007C175C /* Products */ = {
			isa = PBXGroup;
			children = (
				D5A8611F2477C88C007C175C /* MovieRatings.app */,
			);
			name = Products;
			sourceTree = "<group>";
		};
		D5A861212477C88C007C175C /* MovieRatings */ = {
			isa = PBXGroup;
			children = (
				50655C0B2477FDA900D8BE16 /* UI */,
				50655C0A2477FD9E00D8BE16 /* Model */,
				50655C072477F9E400D8BE16 /* Service */,
				D5A861222477C88C007C175C /* AppDelegate.swift */,
				D5A861242477C88C007C175C /* SceneDelegate.swift */,
				D5A861282477C88F007C175C /* Assets.xcassets */,
				D5A8612D2477C88F007C175C /* LaunchScreen.storyboard */,
				D5A861302477C88F007C175C /* Info.plist */,
				D5A8612A2477C88F007C175C /* Preview Content */,
			);
			path = MovieRatings;
			sourceTree = "<group>";
		};
		D5A8612A2477C88F007C175C /* Preview Content */ = {
			isa = PBXGroup;
			children = (
				D5A8612B2477C88F007C175C /* Preview Assets.xcassets */,
			);
			path = "Preview Content";
			sourceTree = "<group>";
		};
		F8ADCEE1F5E9F54957E1BCFA /* Pods */ = {
			isa = PBXGroup;
			children = (
				A18A07BC0657A4D61B6FF5CB /* Pods-MovieRatings.debug.xcconfig */,
				AB92FDB734ACD6378017CFC3 /* Pods-MovieRatings.release.xcconfig */,
			);
			path = Pods;
			sourceTree = "<group>";
		};
/* End PBXGroup section */

/* Begin PBXNativeTarget section */
		D5A8611E2477C88C007C175C /* MovieRatings */ = {
			isa = PBXNativeTarget;
			buildConfigurationList = D5A861332477C88F007C175C /* Build configuration list for PBXNativeTarget "MovieRatings" */;
			buildPhases = (
				82F65B5CB5286DF5A1F53C41 /* [CP] Check Pods Manifest.lock */,
				D5A8611B2477C88C007C175C /* Sources */,
				D5A8611C2477C88C007C175C /* Frameworks */,
				D5A8611D2477C88C007C175C /* Resources */,
				5D78FA47430681D8DB4504D5 /* [CP] Embed Pods Frameworks */,
			);
			buildRules = (
			);
			dependencies = (
			);
			name = MovieRatings;
			productName = MovieRatings;
			productReference = D5A8611F2477C88C007C175C /* MovieRatings.app */;
			productType = "com.apple.product-type.application";
		};
/* End PBXNativeTarget section */

/* Begin PBXProject section */
		D5A861172477C88C007C175C /* Project object */ = {
			isa = PBXProject;
			attributes = {
				LastSwiftUpdateCheck = 1140;
				LastUpgradeCheck = 1140;
				ORGANIZATIONNAME = FHNW;
				TargetAttributes = {
					D5A8611E2477C88C007C175C = {
						CreatedOnToolsVersion = 11.4.1;
					};
				};
			};
			buildConfigurationList = D5A8611A2477C88C007C175C /* Build configuration list for PBXProject "MovieRatings" */;
			compatibilityVersion = "Xcode 9.3";
			developmentRegion = en;
			hasScannedForEncodings = 0;
			knownRegions = (
				en,
				Base,
			);
			mainGroup = D5A861162477C88C007C175C;
			productRefGroup = D5A861202477C88C007C175C /* Products */;
			projectDirPath = "";
			projectRoot = "";
			targets = (
				D5A8611E2477C88C007C175C /* MovieRatings */,
			);
		};
/* End PBXProject section */

/* Begin PBXResourcesBuildPhase section */
		D5A8611D2477C88C007C175C /* Resources */ = {
			isa = PBXResourcesBuildPhase;
			buildActionMask = 2147483647;
			files = (
				D5A8612F2477C88F007C175C /* LaunchScreen.storyboard in Resources */,
				D5A8612C2477C88F007C175C /* Preview Assets.xcassets in Resources */,
				D5A861292477C88F007C175C /* Assets.xcassets in Resources */,
			);
			runOnlyForDeploymentPostprocessing = 0;
		};
/* End PBXResourcesBuildPhase section */

/* Begin PBXShellScriptBuildPhase section */
		5D78FA47430681D8DB4504D5 /* [CP] Embed Pods Frameworks */ = {
			isa = PBXShellScriptBuildPhase;
			buildActionMask = 2147483647;
			files = (
			);
			inputFileListPaths = (
				"${PODS_ROOT}/Target Support Files/Pods-MovieRatings/Pods-MovieRatings-frameworks-${CONFIGURATION}-input-files.xcfilelist",
			);
			name = "[CP] Embed Pods Frameworks";
			outputFileListPaths = (
				"${PODS_ROOT}/Target Support Files/Pods-MovieRatings/Pods-MovieRatings-frameworks-${CONFIGURATION}-output-files.xcfilelist",
			);
			runOnlyForDeploymentPostprocessing = 0;
			shellPath = /bin/sh;
			shellScript = "\"${PODS_ROOT}/Target Support Files/Pods-MovieRatings/Pods-MovieRatings-frameworks.sh\"\n";
			showEnvVarsInLog = 0;
		};
		82F65B5CB5286DF5A1F53C41 /* [CP] Check Pods Manifest.lock */ = {
			isa = PBXShellScriptBuildPhase;
			buildActionMask = 2147483647;
			files = (
			);
			inputFileListPaths = (
			);
			inputPaths = (
				"${PODS_PODFILE_DIR_PATH}/Podfile.lock",
				"${PODS_ROOT}/Manifest.lock",
			);
			name = "[CP] Check Pods Manifest.lock";
			outputFileListPaths = (
			);
			outputPaths = (
				"$(DERIVED_FILE_DIR)/Pods-MovieRatings-checkManifestLockResult.txt",
			);
			runOnlyForDeploymentPostprocessing = 0;
			shellPath = /bin/sh;
			shellScript = "diff \"${PODS_PODFILE_DIR_PATH}/Podfile.lock\" \"${PODS_ROOT}/Manifest.lock\" > /dev/null\nif [ $? != 0 ] ; then\n    # print error to STDERR\n    echo \"error: The sandbox is not in sync with the Podfile.lock. Run 'pod install' or update your CocoaPods installation.\" >&2\n    exit 1\nfi\n# This output is used by Xcode 'outputs' to avoid re-running this script phase.\necho \"SUCCESS\" > \"${SCRIPT_OUTPUT_FILE_0}\"\n";
			showEnvVarsInLog = 0;
		};
/* End PBXShellScriptBuildPhase section */

/* Begin PBXSourcesBuildPhase section */
		D5A8611B2477C88C007C175C /* Sources */ = {
			isa = PBXSourcesBuildPhase;
			buildActionMask = 2147483647;
			files = (
				50655C0F2477FFDC00D8BE16 /* Results.swift in Sources */,
				D5A861232477C88C007C175C /* AppDelegate.swift in Sources */,
				D5A861252477C88C007C175C /* SceneDelegate.swift in Sources */,
				D5C097952482950B00CCD160 /* DBService.swift in Sources */,
				CE6ABB24247EA73A009A282A /* DetailedView.swift in Sources */,
				D5ABDD22247C1FA5000C373B /* RatingView.swift in Sources */,
				D5A6071724780A400066F9ED /* MovieViewModel.swift in Sources */,
				50655C112478006000D8BE16 /* NetworkManager.swift in Sources */,
				D5C0979124828EDA00CCD160 /* RatingViewDetailed.swift in Sources */,
				D5A861272477C88C007C175C /* ContentView.swift in Sources */,
				CE530C9C247C08E4003D80A0 /* UpcomingMoviesList.swift in Sources */,
				50655C092477FA2900D8BE16 /* TheMoviedbAPI.swift in Sources */,
				50655C0D2477FFAD00D8BE16 /* Movie.swift in Sources */,
				D5C09793248294CF00CCD160 /* Favorites.swift in Sources */,
			);
			runOnlyForDeploymentPostprocessing = 0;
		};
/* End PBXSourcesBuildPhase section */

/* Begin PBXVariantGroup section */
		D5A8612D2477C88F007C175C /* LaunchScreen.storyboard */ = {
			isa = PBXVariantGroup;
			children = (
				D5A8612E2477C88F007C175C /* Base */,
			);
			name = LaunchScreen.storyboard;
			sourceTree = "<group>";
		};
/* End PBXVariantGroup section */

/* Begin XCBuildConfiguration section */
		D5A861312477C88F007C175C /* Debug */ = {
			isa = XCBuildConfiguration;
			buildSettings = {
				ALWAYS_SEARCH_USER_PATHS = NO;
				CLANG_ANALYZER_NONNULL = YES;
				CLANG_ANALYZER_NUMBER_OBJECT_CONVERSION = YES_AGGRESSIVE;
				CLANG_CXX_LANGUAGE_STANDARD = "gnu++14";
				CLANG_CXX_LIBRARY = "libc++";
				CLANG_ENABLE_MODULES = YES;
				CLANG_ENABLE_OBJC_ARC = YES;
				CLANG_ENABLE_OBJC_WEAK = YES;
				CLANG_WARN_BLOCK_CAPTURE_AUTORELEASING = YES;
				CLANG_WARN_BOOL_CONVERSION = YES;
				CLANG_WARN_COMMA = YES;
				CLANG_WARN_CONSTANT_CONVERSION = YES;
				CLANG_WARN_DEPRECATED_OBJC_IMPLEMENTATIONS = YES;
				CLANG_WARN_DIRECT_OBJC_ISA_USAGE = YES_ERROR;
				CLANG_WARN_DOCUMENTATION_COMMENTS = YES;
				CLANG_WARN_EMPTY_BODY = YES;
				CLANG_WARN_ENUM_CONVERSION = YES;
				CLANG_WARN_INFINITE_RECURSION = YES;
				CLANG_WARN_INT_CONVERSION = YES;
				CLANG_WARN_NON_LITERAL_NULL_CONVERSION = YES;
				CLANG_WARN_OBJC_IMPLICIT_RETAIN_SELF = YES;
				CLANG_WARN_OBJC_LITERAL_CONVERSION = YES;
				CLANG_WARN_OBJC_ROOT_CLASS = YES_ERROR;
				CLANG_WARN_RANGE_LOOP_ANALYSIS = YES;
				CLANG_WARN_STRICT_PROTOTYPES = YES;
				CLANG_WARN_SUSPICIOUS_MOVE = YES;
				CLANG_WARN_UNGUARDED_AVAILABILITY = YES_AGGRESSIVE;
				CLANG_WARN_UNREACHABLE_CODE = YES;
				CLANG_WARN__DUPLICATE_METHOD_MATCH = YES;
				COPY_PHASE_STRIP = NO;
				DEBUG_INFORMATION_FORMAT = dwarf;
				ENABLE_STRICT_OBJC_MSGSEND = YES;
				ENABLE_TESTABILITY = YES;
				GCC_C_LANGUAGE_STANDARD = gnu11;
				GCC_DYNAMIC_NO_PIC = NO;
				GCC_NO_COMMON_BLOCKS = YES;
				GCC_OPTIMIZATION_LEVEL = 0;
				GCC_PREPROCESSOR_DEFINITIONS = (
					"DEBUG=1",
					"$(inherited)",
				);
				GCC_WARN_64_TO_32_BIT_CONVERSION = YES;
				GCC_WARN_ABOUT_RETURN_TYPE = YES_ERROR;
				GCC_WARN_UNDECLARED_SELECTOR = YES;
				GCC_WARN_UNINITIALIZED_AUTOS = YES_AGGRESSIVE;
				GCC_WARN_UNUSED_FUNCTION = YES;
				GCC_WARN_UNUSED_VARIABLE = YES;
				IPHONEOS_DEPLOYMENT_TARGET = 13.2;
				MTL_ENABLE_DEBUG_INFO = INCLUDE_SOURCE;
				MTL_FAST_MATH = YES;
				ONLY_ACTIVE_ARCH = YES;
				SDKROOT = iphoneos;
				SWIFT_ACTIVE_COMPILATION_CONDITIONS = DEBUG;
				SWIFT_OPTIMIZATION_LEVEL = "-Onone";
			};
			name = Debug;
		};
		D5A861322477C88F007C175C /* Release */ = {
			isa = XCBuildConfiguration;
			buildSettings = {
				ALWAYS_SEARCH_USER_PATHS = NO;
				CLANG_ANALYZER_NONNULL = YES;
				CLANG_ANALYZER_NUMBER_OBJECT_CONVERSION = YES_AGGRESSIVE;
				CLANG_CXX_LANGUAGE_STANDARD = "gnu++14";
				CLANG_CXX_LIBRARY = "libc++";
				CLANG_ENABLE_MODULES = YES;
				CLANG_ENABLE_OBJC_ARC = YES;
				CLANG_ENABLE_OBJC_WEAK = YES;
				CLANG_WARN_BLOCK_CAPTURE_AUTORELEASING = YES;
				CLANG_WARN_BOOL_CONVERSION = YES;
				CLANG_WARN_COMMA = YES;
				CLANG_WARN_CONSTANT_CONVERSION = YES;
				CLANG_WARN_DEPRECATED_OBJC_IMPLEMENTATIONS = YES;
				CLANG_WARN_DIRECT_OBJC_ISA_USAGE = YES_ERROR;
				CLANG_WARN_DOCUMENTATION_COMMENTS = YES;
				CLANG_WARN_EMPTY_BODY = YES;
				CLANG_WARN_ENUM_CONVERSION = YES;
				CLANG_WARN_INFINITE_RECURSION = YES;
				CLANG_WARN_INT_CONVERSION = YES;
				CLANG_WARN_NON_LITERAL_NULL_CONVERSION = YES;
				CLANG_WARN_OBJC_IMPLICIT_RETAIN_SELF = YES;
				CLANG_WARN_OBJC_LITERAL_CONVERSION = YES;
				CLANG_WARN_OBJC_ROOT_CLASS = YES_ERROR;
				CLANG_WARN_RANGE_LOOP_ANALYSIS = YES;
				CLANG_WARN_STRICT_PROTOTYPES = YES;
				CLANG_WARN_SUSPICIOUS_MOVE = YES;
				CLANG_WARN_UNGUARDED_AVAILABILITY = YES_AGGRESSIVE;
				CLANG_WARN_UNREACHABLE_CODE = YES;
				CLANG_WARN__DUPLICATE_METHOD_MATCH = YES;
				COPY_PHASE_STRIP = NO;
				DEBUG_INFORMATION_FORMAT = "dwarf-with-dsym";
				ENABLE_NS_ASSERTIONS = NO;
				ENABLE_STRICT_OBJC_MSGSEND = YES;
				GCC_C_LANGUAGE_STANDARD = gnu11;
				GCC_NO_COMMON_BLOCKS = YES;
				GCC_WARN_64_TO_32_BIT_CONVERSION = YES;
				GCC_WARN_ABOUT_RETURN_TYPE = YES_ERROR;
				GCC_WARN_UNDECLARED_SELECTOR = YES;
				GCC_WARN_UNINITIALIZED_AUTOS = YES_AGGRESSIVE;
				GCC_WARN_UNUSED_FUNCTION = YES;
				GCC_WARN_UNUSED_VARIABLE = YES;
				IPHONEOS_DEPLOYMENT_TARGET = 13.2;
				MTL_ENABLE_DEBUG_INFO = NO;
				MTL_FAST_MATH = YES;
				SDKROOT = iphoneos;
				SWIFT_COMPILATION_MODE = wholemodule;
				SWIFT_OPTIMIZATION_LEVEL = "-O";
				VALIDATE_PRODUCT = YES;
			};
			name = Release;
		};
		D5A861342477C88F007C175C /* Debug */ = {
			isa = XCBuildConfiguration;
			baseConfigurationReference = A18A07BC0657A4D61B6FF5CB /* Pods-MovieRatings.debug.xcconfig */;
			buildSettings = {
				CODE_SIGN_STYLE = Automatic;
				DEVELOPMENT_ASSET_PATHS = "\"MovieRatings/Preview Content\"";
				ENABLE_PREVIEWS = YES;
				INFOPLIST_FILE = MovieRatings/Info.plist;
				LD_RUNPATH_SEARCH_PATHS = (
					"$(inherited)",
					"@executable_path/Frameworks",
				);
				PRODUCT_BUNDLE_IDENTIFIER = com.fhnw.MovieRatings;
				PRODUCT_NAME = "$(TARGET_NAME)";
				SWIFT_VERSION = 5.0;
				TARGETED_DEVICE_FAMILY = "1,2";
			};
			name = Debug;
		};
		D5A861352477C88F007C175C /* Release */ = {
			isa = XCBuildConfiguration;
			baseConfigurationReference = AB92FDB734ACD6378017CFC3 /* Pods-MovieRatings.release.xcconfig */;
			buildSettings = {
				CODE_SIGN_STYLE = Automatic;
				DEVELOPMENT_ASSET_PATHS = "\"MovieRatings/Preview Content\"";
				ENABLE_PREVIEWS = YES;
				INFOPLIST_FILE = MovieRatings/Info.plist;
				LD_RUNPATH_SEARCH_PATHS = (
					"$(inherited)",
					"@executable_path/Frameworks",
				);
				PRODUCT_BUNDLE_IDENTIFIER = com.fhnw.MovieRatings;
				PRODUCT_NAME = "$(TARGET_NAME)";
				SWIFT_VERSION = 5.0;
				TARGETED_DEVICE_FAMILY = "1,2";
			};
			name = Release;
		};
/* End XCBuildConfiguration section */

/* Begin XCConfigurationList section */
		D5A8611A2477C88C007C175C /* Build configuration list for PBXProject "MovieRatings" */ = {
			isa = XCConfigurationList;
			buildConfigurations = (
				D5A861312477C88F007C175C /* Debug */,
				D5A861322477C88F007C175C /* Release */,
			);
			defaultConfigurationIsVisible = 0;
			defaultConfigurationName = Release;
		};
		D5A861332477C88F007C175C /* Build configuration list for PBXNativeTarget "MovieRatings" */ = {
			isa = XCConfigurationList;
			buildConfigurations = (
				D5A861342477C88F007C175C /* Debug */,
				D5A861352477C88F007C175C /* Release */,
			);
			defaultConfigurationIsVisible = 0;
			defaultConfigurationName = Release;
		};
/* End XCConfigurationList section */
	};
	rootObject = D5A861172477C88C007C175C /* Project object */;
}
